// !$*UTF8*$!
{
	archiveVersion = 1;
	classes = {
	};
	objectVersion = 50;
	objects = {

/* Begin PBXBuildFile section */
		233399A825B277C700E58C39 /* AppDelegate.swift in Sources */ = {isa = PBXBuildFile; fileRef = 233399A725B277C700E58C39 /* AppDelegate.swift */; };
		233399AA25B277C700E58C39 /* SceneDelegate.swift in Sources */ = {isa = PBXBuildFile; fileRef = 233399A925B277C700E58C39 /* SceneDelegate.swift */; };
		233399AC25B277C700E58C39 /* ViewController.swift in Sources */ = {isa = PBXBuildFile; fileRef = 233399AB25B277C700E58C39 /* ViewController.swift */; };
		233399B125B277C800E58C39 /* Assets.xcassets in Resources */ = {isa = PBXBuildFile; fileRef = 233399B025B277C800E58C39 /* Assets.xcassets */; };
		233399B425B277C800E58C39 /* LaunchScreen.storyboard in Resources */ = {isa = PBXBuildFile; fileRef = 233399B225B277C800E58C39 /* LaunchScreen.storyboard */; };
		233399BF25B3705800E58C39 /* CustomCell.swift in Sources */ = {isa = PBXBuildFile; fileRef = 233399BE25B3705800E58C39 /* CustomCell.swift */; };
		233399C325B37D4500E58C39 /* CustomDataType.swift in Sources */ = {isa = PBXBuildFile; fileRef = 233399C225B37D4500E58C39 /* CustomDataType.swift */; };
		233399C725B3975600E58C39 /* WishlistController.swift in Sources */ = {isa = PBXBuildFile; fileRef = 233399C625B3975600E58C39 /* WishlistController.swift */; };
		23339A9625B784AD00E58C39 /* CustomWishListCell.swift in Sources */ = {isa = PBXBuildFile; fileRef = 23339A9525B784AD00E58C39 /* CustomWishListCell.swift */; };
		23339AAF25BA66B000E58C39 /* ViewController_Extensios.swift in Sources */ = {isa = PBXBuildFile; fileRef = 23339AAE25BA66B000E58C39 /* ViewController_Extensios.swift */; };
		23339AB325BA6C0A00E58C39 /* WishListController_Extension.swift in Sources */ = {isa = PBXBuildFile; fileRef = 23339AB225BA6C0A00E58C39 /* WishListController_Extension.swift */; };
/* End PBXBuildFile section */

/* Begin PBXFileReference section */
		233399A425B277C700E58C39 /* PlayHW.app */ = {isa = PBXFileReference; explicitFileType = wrapper.application; includeInIndex = 0; path = PlayHW.app; sourceTree = BUILT_PRODUCTS_DIR; };
		233399A725B277C700E58C39 /* AppDelegate.swift */ = {isa = PBXFileReference; lastKnownFileType = sourcecode.swift; path = AppDelegate.swift; sourceTree = "<group>"; };
		233399A925B277C700E58C39 /* SceneDelegate.swift */ = {isa = PBXFileReference; lastKnownFileType = sourcecode.swift; path = SceneDelegate.swift; sourceTree = "<group>"; };
		233399AB25B277C700E58C39 /* ViewController.swift */ = {isa = PBXFileReference; lastKnownFileType = sourcecode.swift; path = ViewController.swift; sourceTree = "<group>"; };
		233399B025B277C800E58C39 /* Assets.xcassets */ = {isa = PBXFileReference; lastKnownFileType = folder.assetcatalog; path = Assets.xcassets; sourceTree = "<group>"; };
		233399B325B277C800E58C39 /* Base */ = {isa = PBXFileReference; lastKnownFileType = file.storyboard; name = Base; path = Base.lproj/LaunchScreen.storyboard; sourceTree = "<group>"; };
		233399B525B277C800E58C39 /* Info.plist */ = {isa = PBXFileReference; lastKnownFileType = text.plist.xml; path = Info.plist; sourceTree = "<group>"; };
		233399BE25B3705800E58C39 /* CustomCell.swift */ = {isa = PBXFileReference; lastKnownFileType = sourcecode.swift; path = CustomCell.swift; sourceTree = "<group>"; };
		233399C225B37D4500E58C39 /* CustomDataType.swift */ = {isa = PBXFileReference; lastKnownFileType = sourcecode.swift; path = CustomDataType.swift; sourceTree = "<group>"; };
		233399C625B3975600E58C39 /* WishlistController.swift */ = {isa = PBXFileReference; lastKnownFileType = sourcecode.swift; path = WishlistController.swift; sourceTree = "<group>"; };
		23339A9525B784AD00E58C39 /* CustomWishListCell.swift */ = {isa = PBXFileReference; lastKnownFileType = sourcecode.swift; path = CustomWishListCell.swift; sourceTree = "<group>"; };
		23339AAE25BA66B000E58C39 /* ViewController_Extensios.swift */ = {isa = PBXFileReference; lastKnownFileType = sourcecode.swift; path = ViewController_Extensios.swift; sourceTree = "<group>"; };
		23339AB225BA6C0A00E58C39 /* WishListController_Extension.swift */ = {isa = PBXFileReference; lastKnownFileType = sourcecode.swift; path = WishListController_Extension.swift; sourceTree = "<group>"; };
/* End PBXFileReference section */

/* Begin PBXFrameworksBuildPhase section */
		233399A125B277C700E58C39 /* Frameworks */ = {
			isa = PBXFrameworksBuildPhase;
			buildActionMask = 2147483647;
			files = (
			);
			runOnlyForDeploymentPostprocessing = 0;
		};
/* End PBXFrameworksBuildPhase section */

/* Begin PBXGroup section */
		2333999B25B277C700E58C39 = {
			isa = PBXGroup;
			children = (
				233399A625B277C700E58C39 /* PlayHW */,
				233399A525B277C700E58C39 /* Products */,
			);
			sourceTree = "<group>";
		};
		233399A525B277C700E58C39 /* Products */ = {
			isa = PBXGroup;
			children = (
				233399A425B277C700E58C39 /* PlayHW.app */,
			);
			name = Products;
			sourceTree = "<group>";
		};
		233399A625B277C700E58C39 /* PlayHW */ = {
			isa = PBXGroup;
			children = (
				233399A725B277C700E58C39 /* AppDelegate.swift */,
				233399A925B277C700E58C39 /* SceneDelegate.swift */,
				233399C525B3971500E58C39 /* Model */,
				23339A9C25B7A46000E58C39 /* Controller */,
				23339A9B25B7A42500E58C39 /* Cells */,
				23339AAD25BA667700E58C39 /* extensions */,
				233399B025B277C800E58C39 /* Assets.xcassets */,
				233399B225B277C800E58C39 /* LaunchScreen.storyboard */,
				233399B525B277C800E58C39 /* Info.plist */,
			);
			path = PlayHW;
			sourceTree = "<group>";
		};
		233399C525B3971500E58C39 /* Model */ = {
			isa = PBXGroup;
			children = (
				233399C225B37D4500E58C39 /* CustomDataType.swift */,
			);
			path = Model;
			sourceTree = "<group>";
		};
		23339A9B25B7A42500E58C39 /* Cells */ = {
			isa = PBXGroup;
			children = (
				233399BE25B3705800E58C39 /* CustomCell.swift */,
				23339A9525B784AD00E58C39 /* CustomWishListCell.swift */,
			);
			path = Cells;
			sourceTree = "<group>";
		};
		23339A9C25B7A46000E58C39 /* Controller */ = {
			isa = PBXGroup;
			children = (
				233399AB25B277C700E58C39 /* ViewController.swift */,
				233399C625B3975600E58C39 /* WishlistController.swift */,
			);
			path = Controller;
			sourceTree = "<group>";
		};
		23339AAD25BA667700E58C39 /* extensions */ = {
			isa = PBXGroup;
			children = (
				23339AAE25BA66B000E58C39 /* ViewController_Extensios.swift */,
				23339AB225BA6C0A00E58C39 /* WishListController_Extension.swift */,
			);
			path = extensions;
			sourceTree = "<group>";
		};
/* End PBXGroup section */

/* Begin PBXNativeTarget section */
		233399A325B277C700E58C39 /* PlayHW */ = {
			isa = PBXNativeTarget;
			buildConfigurationList = 233399B825B277C800E58C39 /* Build configuration list for PBXNativeTarget "PlayHW" */;
			buildPhases = (
				233399A025B277C700E58C39 /* Sources */,
				233399A125B277C700E58C39 /* Frameworks */,
				233399A225B277C700E58C39 /* Resources */,
			);
			buildRules = (
			);
			dependencies = (
			);
			name = PlayHW;
			productName = PlayHW;
			productReference = 233399A425B277C700E58C39 /* PlayHW.app */;
			productType = "com.apple.product-type.application";
		};
/* End PBXNativeTarget section */

/* Begin PBXProject section */
		2333999C25B277C700E58C39 /* Project object */ = {
			isa = PBXProject;
			attributes = {
				LastSwiftUpdateCheck = 1230;
				LastUpgradeCheck = 1230;
				TargetAttributes = {
					233399A325B277C700E58C39 = {
						CreatedOnToolsVersion = 12.3;
					};
				};
			};
			buildConfigurationList = 2333999F25B277C700E58C39 /* Build configuration list for PBXProject "PlayHW" */;
			compatibilityVersion = "Xcode 9.3";
			developmentRegion = en;
			hasScannedForEncodings = 0;
			knownRegions = (
				en,
				Base,
			);
			mainGroup = 2333999B25B277C700E58C39;
			productRefGroup = 233399A525B277C700E58C39 /* Products */;
			projectDirPath = "";
			projectRoot = "";
			targets = (
				233399A325B277C700E58C39 /* PlayHW */,
			);
		};
/* End PBXProject section */

/* Begin PBXResourcesBuildPhase section */
		233399A225B277C700E58C39 /* Resources */ = {
			isa = PBXResourcesBuildPhase;
			buildActionMask = 2147483647;
			files = (
				233399B425B277C800E58C39 /* LaunchScreen.storyboard in Resources */,
				233399B125B277C800E58C39 /* Assets.xcassets in Resources */,
			);
			runOnlyForDeploymentPostprocessing = 0;
		};
/* End PBXResourcesBuildPhase section */

/* Begin PBXSourcesBuildPhase section */
		233399A025B277C700E58C39 /* Sources */ = {
			isa = PBXSourcesBuildPhase;
			buildActionMask = 2147483647;
			files = (
				233399C725B3975600E58C39 /* WishlistController.swift in Sources */,
				23339AB325BA6C0A00E58C39 /* WishListController_Extension.swift in Sources */,
				23339AAF25BA66B000E58C39 /* ViewController_Extensios.swift in Sources */,
				233399AC25B277C700E58C39 /* ViewController.swift in Sources */,
				233399A825B277C700E58C39 /* AppDelegate.swift in Sources */,
				233399BF25B3705800E58C39 /* CustomCell.swift in Sources */,
				233399AA25B277C700E58C39 /* SceneDelegate.swift in Sources */,
				23339A9625B784AD00E58C39 /* CustomWishListCell.swift in Sources */,
				233399C325B37D4500E58C39 /* CustomDataType.swift in Sources */,
			);
			runOnlyForDeploymentPostprocessing = 0;
		};
/* End PBXSourcesBuildPhase section */

/* Begin PBXVariantGroup section */
		233399B225B277C800E58C39 /* LaunchScreen.storyboard */ = {
			isa = PBXVariantGroup;
			children = (
				233399B325B277C800E58C39 /* Base */,
			);
			name = LaunchScreen.storyboard;
			sourceTree = "<group>";
		};
/* End PBXVariantGroup section */

/* Begin XCBuildConfiguration section */
		233399B625B277C800E58C39 /* Debug */ = {
			isa = XCBuildConfiguration;
			buildSettings = {
				ALWAYS_SEARCH_USER_PATHS = NO;
				CLANG_ANALYZER_NONNULL = YES;
				CLANG_ANALYZER_NUMBER_OBJECT_CONVERSION = YES_AGGRESSIVE;
				CLANG_CXX_LANGUAGE_STANDARD = "gnu++14";
				CLANG_CXX_LIBRARY = "libc++";
				CLANG_ENABLE_MODULES = YES;
				CLANG_ENABLE_OBJC_ARC = YES;
				CLANG_ENABLE_OBJC_WEAK = YES;
				CLANG_WARN_BLOCK_CAPTURE_AUTORELEASING = YES;
				CLANG_WARN_BOOL_CONVERSION = YES;
				CLANG_WARN_COMMA = YES;
				CLANG_WARN_CONSTANT_CONVERSION = YES;
				CLANG_WARN_DEPRECATED_OBJC_IMPLEMENTATIONS = YES;
				CLANG_WARN_DIRECT_OBJC_ISA_USAGE = YES_ERROR;
				CLANG_WARN_DOCUMENTATION_COMMENTS = YES;
				CLANG_WARN_EMPTY_BODY = YES;
				CLANG_WARN_ENUM_CONVERSION = YES;
				CLANG_WARN_INFINITE_RECURSION = YES;
				CLANG_WARN_INT_CONVERSION = YES;
				CLANG_WARN_NON_LITERAL_NULL_CONVERSION = YES;
				CLANG_WARN_OBJC_IMPLICIT_RETAIN_SELF = YES;
				CLANG_WARN_OBJC_LITERAL_CONVERSION = YES;
				CLANG_WARN_OBJC_ROOT_CLASS = YES_ERROR;
				CLANG_WARN_QUOTED_INCLUDE_IN_FRAMEWORK_HEADER = YES;
				CLANG_WARN_RANGE_LOOP_ANALYSIS = YES;
				CLANG_WARN_STRICT_PROTOTYPES = YES;
				CLANG_WARN_SUSPICIOUS_MOVE = YES;
				CLANG_WARN_UNGUARDED_AVAILABILITY = YES_AGGRESSIVE;
				CLANG_WARN_UNREACHABLE_CODE = YES;
				CLANG_WARN__DUPLICATE_METHOD_MATCH = YES;
				COPY_PHASE_STRIP = NO;
				DEBUG_INFORMATION_FORMAT = dwarf;
				ENABLE_STRICT_OBJC_MSGSEND = YES;
				ENABLE_TESTABILITY = YES;
				GCC_C_LANGUAGE_STANDARD = gnu11;
				GCC_DYNAMIC_NO_PIC = NO;
				GCC_NO_COMMON_BLOCKS = YES;
				GCC_OPTIMIZATION_LEVEL = 0;
				GCC_PREPROCESSOR_DEFINITIONS = (
					"DEBUG=1",
					"$(inherited)",
				);
				GCC_WARN_64_TO_32_BIT_CONVERSION = YES;
				GCC_WARN_ABOUT_RETURN_TYPE = YES_ERROR;
				GCC_WARN_UNDECLARED_SELECTOR = YES;
				GCC_WARN_UNINITIALIZED_AUTOS = YES_AGGRESSIVE;
				GCC_WARN_UNUSED_FUNCTION = YES;
				GCC_WARN_UNUSED_VARIABLE = YES;
				IPHONEOS_DEPLOYMENT_TARGET = 14.3;
				MTL_ENABLE_DEBUG_INFO = INCLUDE_SOURCE;
				MTL_FAST_MATH = YES;
				ONLY_ACTIVE_ARCH = YES;
				SDKROOT = iphoneos;
				SWIFT_ACTIVE_COMPILATION_CONDITIONS = DEBUG;
				SWIFT_OPTIMIZATION_LEVEL = "-Onone";
			};
			name = Debug;
		};
		233399B725B277C800E58C39 /* Release */ = {
			isa = XCBuildConfiguration;
			buildSettings = {
				ALWAYS_SEARCH_USER_PATHS = NO;
				CLANG_ANALYZER_NONNULL = YES;
				CLANG_ANALYZER_NUMBER_OBJECT_CONVERSION = YES_AGGRESSIVE;
				CLANG_CXX_LANGUAGE_STANDARD = "gnu++14";
				CLANG_CXX_LIBRARY = "libc++";
				CLANG_ENABLE_MODULES = YES;
				CLANG_ENABLE_OBJC_ARC = YES;
				CLANG_ENABLE_OBJC_WEAK = YES;
				CLANG_WARN_BLOCK_CAPTURE_AUTORELEASING = YES;
				CLANG_WARN_BOOL_CONVERSION = YES;
				CLANG_WARN_COMMA = YES;
				CLANG_WARN_CONSTANT_CONVERSION = YES;
				CLANG_WARN_DEPRECATED_OBJC_IMPLEMENTATIONS = YES;
				CLANG_WARN_DIRECT_OBJC_ISA_USAGE = YES_ERROR;
				CLANG_WARN_DOCUMENTATION_COMMENTS = YES;
				CLANG_WARN_EMPTY_BODY = YES;
				CLANG_WARN_ENUM_CONVERSION = YES;
				CLANG_WARN_INFINITE_RECURSION = YES;
				CLANG_WARN_INT_CONVERSION = YES;
				CLANG_WARN_NON_LITERAL_NULL_CONVERSION = YES;
				CLANG_WARN_OBJC_IMPLICIT_RETAIN_SELF = YES;
				CLANG_WARN_OBJC_LITERAL_CONVERSION = YES;
				CLANG_WARN_OBJC_ROOT_CLASS = YES_ERROR;
				CLANG_WARN_QUOTED_INCLUDE_IN_FRAMEWORK_HEADER = YES;
				CLANG_WARN_RANGE_LOOP_ANALYSIS = YES;
				CLANG_WARN_STRICT_PROTOTYPES = YES;
				CLANG_WARN_SUSPICIOUS_MOVE = YES;
				CLANG_WARN_UNGUARDED_AVAILABILITY = YES_AGGRESSIVE;
				CLANG_WARN_UNREACHABLE_CODE = YES;
				CLANG_WARN__DUPLICATE_METHOD_MATCH = YES;
				COPY_PHASE_STRIP = NO;
				DEBUG_INFORMATION_FORMAT = "dwarf-with-dsym";
				ENABLE_NS_ASSERTIONS = NO;
				ENABLE_STRICT_OBJC_MSGSEND = YES;
				GCC_C_LANGUAGE_STANDARD = gnu11;
				GCC_NO_COMMON_BLOCKS = YES;
				GCC_WARN_64_TO_32_BIT_CONVERSION = YES;
				GCC_WARN_ABOUT_RETURN_TYPE = YES_ERROR;
				GCC_WARN_UNDECLARED_SELECTOR = YES;
				GCC_WARN_UNINITIALIZED_AUTOS = YES_AGGRESSIVE;
				GCC_WARN_UNUSED_FUNCTION = YES;
				GCC_WARN_UNUSED_VARIABLE = YES;
				IPHONEOS_DEPLOYMENT_TARGET = 14.3;
				MTL_ENABLE_DEBUG_INFO = NO;
				MTL_FAST_MATH = YES;
				SDKROOT = iphoneos;
				SWIFT_COMPILATION_MODE = wholemodule;
				SWIFT_OPTIMIZATION_LEVEL = "-O";
				VALIDATE_PRODUCT = YES;
			};
			name = Release;
		};
		233399B925B277C800E58C39 /* Debug */ = {
			isa = XCBuildConfiguration;
			buildSettings = {
				ASSETCATALOG_COMPILER_APPICON_NAME = AppIcon;
				ASSETCATALOG_COMPILER_GLOBAL_ACCENT_COLOR_NAME = AccentColor;
				CODE_SIGN_STYLE = Automatic;
				DEVELOPMENT_TEAM = 7RBJ2BN8LL;
				INFOPLIST_FILE = PlayHW/Info.plist;
				LD_RUNPATH_SEARCH_PATHS = (
					"$(inherited)",
					"@executable_path/Frameworks",
				);
				PRODUCT_BUNDLE_IDENTIFIER = myapps.PlayHW;
				PRODUCT_NAME = "$(TARGET_NAME)";
				SWIFT_VERSION = 5.0;
				TARGETED_DEVICE_FAMILY = "1,2";
			};
			name = Debug;
		};
		233399BA25B277C800E58C39 /* Release */ = {
			isa = XCBuildConfiguration;
			buildSettings = {
				ASSETCATALOG_COMPILER_APPICON_NAME = AppIcon;
				ASSETCATALOG_COMPILER_GLOBAL_ACCENT_COLOR_NAME = AccentColor;
				CODE_SIGN_STYLE = Automatic;
				DEVELOPMENT_TEAM = 7RBJ2BN8LL;
				INFOPLIST_FILE = PlayHW/Info.plist;
				LD_RUNPATH_SEARCH_PATHS = (
					"$(inherited)",
					"@executable_path/Frameworks",
				);
				PRODUCT_BUNDLE_IDENTIFIER = myapps.PlayHW;
				PRODUCT_NAME = "$(TARGET_NAME)";
				SWIFT_VERSION = 5.0;
				TARGETED_DEVICE_FAMILY = "1,2";
			};
			name = Release;
		};
/* End XCBuildConfiguration section */

/* Begin XCConfigurationList section */
		2333999F25B277C700E58C39 /* Build configuration list for PBXProject "PlayHW" */ = {
			isa = XCConfigurationList;
			buildConfigurations = (
				233399B625B277C800E58C39 /* Debug */,
				233399B725B277C800E58C39 /* Release */,
			);
			defaultConfigurationIsVisible = 0;
			defaultConfigurationName = Release;
		};
		233399B825B277C800E58C39 /* Build configuration list for PBXNativeTarget "PlayHW" */ = {
			isa = XCConfigurationList;
			buildConfigurations = (
				233399B925B277C800E58C39 /* Debug */,
				233399BA25B277C800E58C39 /* Release */,
			);
			defaultConfigurationIsVisible = 0;
			defaultConfigurationName = Release;
		};
/* End XCConfigurationList section */
	};
	rootObject = 2333999C25B277C700E58C39 /* Project object */;
}
